// !$*UTF8*$!
{
	archiveVersion = 1;
	classes = {
	};
	objectVersion = 50;
	objects = {

/* Begin PBXBuildFile section */
		E246DE9924A78B8E00B53938 /* AppDelegate.swift in Sources */ = {isa = PBXBuildFile; fileRef = E246DE9824A78B8E00B53938 /* AppDelegate.swift */; };
		E246DE9B24A78B8E00B53938 /* GameScene.sks in Resources */ = {isa = PBXBuildFile; fileRef = E246DE9A24A78B8E00B53938 /* GameScene.sks */; };
		E246DE9D24A78B8E00B53938 /* Actions.sks in Resources */ = {isa = PBXBuildFile; fileRef = E246DE9C24A78B8E00B53938 /* Actions.sks */; };
		E246DE9F24A78B8E00B53938 /* GameScene.swift in Sources */ = {isa = PBXBuildFile; fileRef = E246DE9E24A78B8E00B53938 /* GameScene.swift */; };
		E246DEA124A78B8E00B53938 /* GameViewController.swift in Sources */ = {isa = PBXBuildFile; fileRef = E246DEA024A78B8E00B53938 /* GameViewController.swift */; };
		E246DEA424A78B8E00B53938 /* Main.storyboard in Resources */ = {isa = PBXBuildFile; fileRef = E246DEA224A78B8E00B53938 /* Main.storyboard */; };
		E246DEA624A78B9200B53938 /* Assets.xcassets in Resources */ = {isa = PBXBuildFile; fileRef = E246DEA524A78B9200B53938 /* Assets.xcassets */; };
		E246DEA924A78B9200B53938 /* LaunchScreen.storyboard in Resources */ = {isa = PBXBuildFile; fileRef = E246DEA724A78B9200B53938 /* LaunchScreen.storyboard */; };
/* End PBXBuildFile section */

/* Begin PBXFileReference section */
		E246DE9524A78B8E00B53938 /* SKGame1.app */ = {isa = PBXFileReference; explicitFileType = wrapper.application; includeInIndex = 0; path = SKGame1.app; sourceTree = BUILT_PRODUCTS_DIR; };
		E246DE9824A78B8E00B53938 /* AppDelegate.swift */ = {isa = PBXFileReference; lastKnownFileType = sourcecode.swift; path = AppDelegate.swift; sourceTree = "<group>"; };
		E246DE9A24A78B8E00B53938 /* GameScene.sks */ = {isa = PBXFileReference; lastKnownFileType = file.sks; path = GameScene.sks; sourceTree = "<group>"; };
		E246DE9C24A78B8E00B53938 /* Actions.sks */ = {isa = PBXFileReference; lastKnownFileType = file.sks; path = Actions.sks; sourceTree = "<group>"; };
		E246DE9E24A78B8E00B53938 /* GameScene.swift */ = {isa = PBXFileReference; lastKnownFileType = sourcecode.swift; path = GameScene.swift; sourceTree = "<group>"; };
		E246DEA024A78B8E00B53938 /* GameViewController.swift */ = {isa = PBXFileReference; lastKnownFileType = sourcecode.swift; path = GameViewController.swift; sourceTree = "<group>"; };
		E246DEA324A78B8E00B53938 /* Base */ = {isa = PBXFileReference; lastKnownFileType = file.storyboard; name = Base; path = Base.lproj/Main.storyboard; sourceTree = "<group>"; };
		E246DEA524A78B9200B53938 /* Assets.xcassets */ = {isa = PBXFileReference; lastKnownFileType = folder.assetcatalog; path = Assets.xcassets; sourceTree = "<group>"; };
		E246DEA824A78B9200B53938 /* Base */ = {isa = PBXFileReference; lastKnownFileType = file.storyboard; name = Base; path = Base.lproj/LaunchScreen.storyboard; sourceTree = "<group>"; };
		E246DEAA24A78B9200B53938 /* Info.plist */ = {isa = PBXFileReference; lastKnownFileType = text.plist.xml; path = Info.plist; sourceTree = "<group>"; };
/* End PBXFileReference section */

/* Begin PBXFrameworksBuildPhase section */
		E246DE9224A78B8E00B53938 /* Frameworks */ = {
			isa = PBXFrameworksBuildPhase;
			buildActionMask = 2147483647;
			files = (
			);
			runOnlyForDeploymentPostprocessing = 0;
		};
/* End PBXFrameworksBuildPhase section */

/* Begin PBXGroup section */
		E246DE8C24A78B8E00B53938 = {
			isa = PBXGroup;
			children = (
				E246DE9724A78B8E00B53938 /* SKGame1 */,
				E246DE9624A78B8E00B53938 /* Products */,
			);
			sourceTree = "<group>";
		};
		E246DE9624A78B8E00B53938 /* Products */ = {
			isa = PBXGroup;
			children = (
				E246DE9524A78B8E00B53938 /* SKGame1.app */,
			);
			name = Products;
			sourceTree = "<group>";
		};
		E246DE9724A78B8E00B53938 /* SKGame1 */ = {
			isa = PBXGroup;
			children = (
				E246DE9824A78B8E00B53938 /* AppDelegate.swift */,
				E246DE9A24A78B8E00B53938 /* GameScene.sks */,
				E246DE9C24A78B8E00B53938 /* Actions.sks */,
				E246DE9E24A78B8E00B53938 /* GameScene.swift */,
				E246DEA024A78B8E00B53938 /* GameViewController.swift */,
				E246DEA224A78B8E00B53938 /* Main.storyboard */,
				E246DEA524A78B9200B53938 /* Assets.xcassets */,
				E246DEA724A78B9200B53938 /* LaunchScreen.storyboard */,
				E246DEAA24A78B9200B53938 /* Info.plist */,
			);
			path = SKGame1;
			sourceTree = "<group>";
		};
/* End PBXGroup section */

/* Begin PBXNativeTarget section */
		E246DE9424A78B8E00B53938 /* SKGame1 */ = {
			isa = PBXNativeTarget;
			buildConfigurationList = E246DEAD24A78B9200B53938 /* Build configuration list for PBXNativeTarget "SKGame1" */;
			buildPhases = (
				E246DE9124A78B8E00B53938 /* Sources */,
				E246DE9224A78B8E00B53938 /* Frameworks */,
				E246DE9324A78B8E00B53938 /* Resources */,
			);
			buildRules = (
			);
			dependencies = (
			);
			name = SKGame1;
			productName = SKGame1;
			productReference = E246DE9524A78B8E00B53938 /* SKGame1.app */;
			productType = "com.apple.product-type.application";
		};
/* End PBXNativeTarget section */

/* Begin PBXProject section */
		E246DE8D24A78B8E00B53938 /* Project object */ = {
			isa = PBXProject;
			attributes = {
				LastSwiftUpdateCheck = 1150;
				LastUpgradeCheck = 1150;
				ORGANIZATIONNAME = "Christopher Devito";
				TargetAttributes = {
					E246DE9424A78B8E00B53938 = {
						CreatedOnToolsVersion = 11.5;
					};
				};
			};
			buildConfigurationList = E246DE9024A78B8E00B53938 /* Build configuration list for PBXProject "SKGame1" */;
			compatibilityVersion = "Xcode 9.3";
			developmentRegion = en;
			hasScannedForEncodings = 0;
			knownRegions = (
				en,
				Base,
			);
			mainGroup = E246DE8C24A78B8E00B53938;
			productRefGroup = E246DE9624A78B8E00B53938 /* Products */;
			projectDirPath = "";
			projectRoot = "";
			targets = (
				E246DE9424A78B8E00B53938 /* SKGame1 */,
			);
		};
/* End PBXProject section */

/* Begin PBXResourcesBuildPhase section */
		E246DE9324A78B8E00B53938 /* Resources */ = {
			isa = PBXResourcesBuildPhase;
			buildActionMask = 2147483647;
			files = (
				E246DEA424A78B8E00B53938 /* Main.storyboard in Resources */,
				E246DE9B24A78B8E00B53938 /* GameScene.sks in Resources */,
				E246DEA624A78B9200B53938 /* Assets.xcassets in Resources */,
				E246DEA924A78B9200B53938 /* LaunchScreen.storyboard in Resources */,
				E246DE9D24A78B8E00B53938 /* Actions.sks in Resources */,
			);
			runOnlyForDeploymentPostprocessing = 0;
		};
/* End PBXResourcesBuildPhase section */

/* Begin PBXSourcesBuildPhase section */
		E246DE9124A78B8E00B53938 /* Sources */ = {
			isa = PBXSourcesBuildPhase;
			buildActionMask = 2147483647;
			files = (
				E246DE9F24A78B8E00B53938 /* GameScene.swift in Sources */,
				E246DEA124A78B8E00B53938 /* GameViewController.swift in Sources */,
				E246DE9924A78B8E00B53938 /* AppDelegate.swift in Sources */,
			);
			runOnlyForDeploymentPostprocessing = 0;
		};
/* End PBXSourcesBuildPhase section */

/* Begin PBXVariantGroup section */
		E246DEA224A78B8E00B53938 /* Main.storyboard */ = {
			isa = PBXVariantGroup;
			children = (
				E246DEA324A78B8E00B53938 /* Base */,
			);
			name = Main.storyboard;
			sourceTree = "<group>";
		};
		E246DEA724A78B9200B53938 /* LaunchScreen.storyboard */ = {
			isa = PBXVariantGroup;
			children = (
				E246DEA824A78B9200B53938 /* Base */,
			);
			name = LaunchScreen.storyboard;
			sourceTree = "<group>";
		};
/* End PBXVariantGroup section */

/* Begin XCBuildConfiguration section */
		E246DEAB24A78B9200B53938 /* Debug */ = {
			isa = XCBuildConfiguration;
			buildSettings = {
				ALWAYS_SEARCH_USER_PATHS = NO;
				CLANG_ANALYZER_NONNULL = YES;
				CLANG_ANALYZER_NUMBER_OBJECT_CONVERSION = YES_AGGRESSIVE;
				CLANG_CXX_LANGUAGE_STANDARD = "gnu++14";
				CLANG_CXX_LIBRARY = "libc++";
				CLANG_ENABLE_MODULES = YES;
				CLANG_ENABLE_OBJC_ARC = YES;
				CLANG_ENABLE_OBJC_WEAK = YES;
				CLANG_WARN_BLOCK_CAPTURE_AUTORELEASING = YES;
				CLANG_WARN_BOOL_CONVERSION = YES;
				CLANG_WARN_COMMA = YES;
				CLANG_WARN_CONSTANT_CONVERSION = YES;
				CLANG_WARN_DEPRECATED_OBJC_IMPLEMENTATIONS = YES;
				CLANG_WARN_DIRECT_OBJC_ISA_USAGE = YES_ERROR;
				CLANG_WARN_DOCUMENTATION_COMMENTS = YES;
				CLANG_WARN_EMPTY_BODY = YES;
				CLANG_WARN_ENUM_CONVERSION = YES;
				CLANG_WARN_INFINITE_RECURSION = YES;
				CLANG_WARN_INT_CONVERSION = YES;
				CLANG_WARN_NON_LITERAL_NULL_CONVERSION = YES;
				CLANG_WARN_OBJC_IMPLICIT_RETAIN_SELF = YES;
				CLANG_WARN_OBJC_LITERAL_CONVERSION = YES;
				CLANG_WARN_OBJC_ROOT_CLASS = YES_ERROR;
				CLANG_WARN_RANGE_LOOP_ANALYSIS = YES;
				CLANG_WARN_STRICT_PROTOTYPES = YES;
				CLANG_WARN_SUSPICIOUS_MOVE = YES;
				CLANG_WARN_UNGUARDED_AVAILABILITY = YES_AGGRESSIVE;
				CLANG_WARN_UNREACHABLE_CODE = YES;
				CLANG_WARN__DUPLICATE_METHOD_MATCH = YES;
				COPY_PHASE_STRIP = NO;
				DEBUG_INFORMATION_FORMAT = dwarf;
				ENABLE_STRICT_OBJC_MSGSEND = YES;
				ENABLE_TESTABILITY = YES;
				GCC_C_LANGUAGE_STANDARD = gnu11;
				GCC_DYNAMIC_NO_PIC = NO;
				GCC_NO_COMMON_BLOCKS = YES;
				GCC_OPTIMIZATION_LEVEL = 0;
				GCC_PREPROCESSOR_DEFINITIONS = (
					"DEBUG=1",
					"$(inherited)",
				);
				GCC_WARN_64_TO_32_BIT_CONVERSION = YES;
				GCC_WARN_ABOUT_RETURN_TYPE = YES_ERROR;
				GCC_WARN_UNDECLARED_SELECTOR = YES;
				GCC_WARN_UNINITIALIZED_AUTOS = YES_AGGRESSIVE;
				GCC_WARN_UNUSED_FUNCTION = YES;
				GCC_WARN_UNUSED_VARIABLE = YES;
				IPHONEOS_DEPLOYMENT_TARGET = 13.5;
				MTL_ENABLE_DEBUG_INFO = INCLUDE_SOURCE;
				MTL_FAST_MATH = YES;
				ONLY_ACTIVE_ARCH = YES;
				SDKROOT = iphoneos;
				SWIFT_ACTIVE_COMPILATION_CONDITIONS = DEBUG;
				SWIFT_OPTIMIZATION_LEVEL = "-Onone";
			};
			name = Debug;
		};
		E246DEAC24A78B9200B53938 /* Release */ = {
			isa = XCBuildConfiguration;
			buildSettings = {
				ALWAYS_SEARCH_USER_PATHS = NO;
				CLANG_ANALYZER_NONNULL = YES;
				CLANG_ANALYZER_NUMBER_OBJECT_CONVERSION = YES_AGGRESSIVE;
				CLANG_CXX_LANGUAGE_STANDARD = "gnu++14";
				CLANG_CXX_LIBRARY = "libc++";
				CLANG_ENABLE_MODULES = YES;
				CLANG_ENABLE_OBJC_ARC = YES;
				CLANG_ENABLE_OBJC_WEAK = YES;
				CLANG_WARN_BLOCK_CAPTURE_AUTORELEASING = YES;
				CLANG_WARN_BOOL_CONVERSION = YES;
				CLANG_WARN_COMMA = YES;
				CLANG_WARN_CONSTANT_CONVERSION = YES;
				CLANG_WARN_DEPRECATED_OBJC_IMPLEMENTATIONS = YES;
				CLANG_WARN_DIRECT_OBJC_ISA_USAGE = YES_ERROR;
				CLANG_WARN_DOCUMENTATION_COMMENTS = YES;
				CLANG_WARN_EMPTY_BODY = YES;
				CLANG_WARN_ENUM_CONVERSION = YES;
				CLANG_WARN_INFINITE_RECURSION = YES;
				CLANG_WARN_INT_CONVERSION = YES;
				CLANG_WARN_NON_LITERAL_NULL_CONVERSION = YES;
				CLANG_WARN_OBJC_IMPLICIT_RETAIN_SELF = YES;
				CLANG_WARN_OBJC_LITERAL_CONVERSION = YES;
				CLANG_WARN_OBJC_ROOT_CLASS = YES_ERROR;
				CLANG_WARN_RANGE_LOOP_ANALYSIS = YES;
				CLANG_WARN_STRICT_PROTOTYPES = YES;
				CLANG_WARN_SUSPICIOUS_MOVE = YES;
				CLANG_WARN_UNGUARDED_AVAILABILITY = YES_AGGRESSIVE;
				CLANG_WARN_UNREACHABLE_CODE = YES;
				CLANG_WARN__DUPLICATE_METHOD_MATCH = YES;
				COPY_PHASE_STRIP = NO;
				DEBUG_INFORMATION_FORMAT = "dwarf-with-dsym";
				ENABLE_NS_ASSERTIONS = NO;
				ENABLE_STRICT_OBJC_MSGSEND = YES;
				GCC_C_LANGUAGE_STANDARD = gnu11;
				GCC_NO_COMMON_BLOCKS = YES;
				GCC_WARN_64_TO_32_BIT_CONVERSION = YES;
				GCC_WARN_ABOUT_RETURN_TYPE = YES_ERROR;
				GCC_WARN_UNDECLARED_SELECTOR = YES;
				GCC_WARN_UNINITIALIZED_AUTOS = YES_AGGRESSIVE;
				GCC_WARN_UNUSED_FUNCTION = YES;
				GCC_WARN_UNUSED_VARIABLE = YES;
				IPHONEOS_DEPLOYMENT_TARGET = 13.5;
				MTL_ENABLE_DEBUG_INFO = NO;
				MTL_FAST_MATH = YES;
				SDKROOT = iphoneos;
				SWIFT_COMPILATION_MODE = wholemodule;
				SWIFT_OPTIMIZATION_LEVEL = "-O";
				VALIDATE_PRODUCT = YES;
			};
			name = Release;
		};
		E246DEAE24A78B9200B53938 /* Debug */ = {
			isa = XCBuildConfiguration;
			buildSettings = {
				ASSETCATALOG_COMPILER_APPICON_NAME = AppIcon;
				CODE_SIGN_STYLE = Automatic;
				DEVELOPMENT_TEAM = 8825K9HH49;
				INFOPLIST_FILE = SKGame1/Info.plist;
				LD_RUNPATH_SEARCH_PATHS = (
					"$(inherited)",
					"@executable_path/Frameworks",
				);
				PRODUCT_BUNDLE_IDENTIFIER = com.christopherdevito.SKGame1;
				PRODUCT_NAME = "$(TARGET_NAME)";
				SWIFT_VERSION = 5.0;
				TARGETED_DEVICE_FAMILY = "1,2";
			};
			name = Debug;
		};
		E246DEAF24A78B9200B53938 /* Release */ = {
			isa = XCBuildConfiguration;
			buildSettings = {
				ASSETCATALOG_COMPILER_APPICON_NAME = AppIcon;
				CODE_SIGN_STYLE = Automatic;
				DEVELOPMENT_TEAM = 8825K9HH49;
				INFOPLIST_FILE = SKGame1/Info.plist;
				LD_RUNPATH_SEARCH_PATHS = (
					"$(inherited)",
					"@executable_path/Frameworks",
				);
				PRODUCT_BUNDLE_IDENTIFIER = com.christopherdevito.SKGame1;
				PRODUCT_NAME = "$(TARGET_NAME)";
				SWIFT_VERSION = 5.0;
				TARGETED_DEVICE_FAMILY = "1,2";
			};
			name = Release;
		};
/* End XCBuildConfiguration section */

/* Begin XCConfigurationList section */
		E246DE9024A78B8E00B53938 /* Build configuration list for PBXProject "SKGame1" */ = {
			isa = XCConfigurationList;
			buildConfigurations = (
				E246DEAB24A78B9200B53938 /* Debug */,
				E246DEAC24A78B9200B53938 /* Release */,
			);
			defaultConfigurationIsVisible = 0;
			defaultConfigurationName = Release;
		};
		E246DEAD24A78B9200B53938 /* Build configuration list for PBXNativeTarget "SKGame1" */ = {
			isa = XCConfigurationList;
			buildConfigurations = (
				E246DEAE24A78B9200B53938 /* Debug */,
				E246DEAF24A78B9200B53938 /* Release */,
			);
			defaultConfigurationIsVisible = 0;
			defaultConfigurationName = Release;
		};
/* End XCConfigurationList section */
	};
	rootObject = E246DE8D24A78B8E00B53938 /* Project object */;
}
